
Microsoft Visual Studio Solution File, Format Version 12.00
# Visual Studio Version 16
VisualStudioVersion = 16.0.31205.134
MinimumVisualStudioVersion = 10.0.40219.1
Project("{9A19103F-16F7-4668-BE54-9A1E7A4F7556}") = "InfoTrack.Web", "InfoTrack\InfoTrack.Web.csproj", "{190FD5EE-0EB1-46B1-8CDC-979055132A9E}"
EndProject
Project("{9A19103F-16F7-4668-BE54-9A1E7A4F7556}") = "InfoTrack.BusinessLogic", "InfoTrack.BusinessLogic\InfoTrack.BusinessLogic.csproj", "{22E3676A-88DC-4955-BB09-521E29ED2A93}"
EndProject
Project("{9A19103F-16F7-4668-BE54-9A1E7A4F7556}") = "InfoTrack.DataAccess", "InfoTrack.DataAccess\InfoTrack.DataAccess.csproj", "{0F503D40-AA6A-4462-B309-0D9996CBEE1A}"
EndProject
Project("{9A19103F-16F7-4668-BE54-9A1E7A4F7556}") = "InfoTrack.Tests", "InfoTrack.Tests\InfoTrack.Tests.csproj", "{17C1DDC7-197F-4EF7-A537-B97AE0AD3BD9}"
EndProject
Project("{9A19103F-16F7-4668-BE54-9A1E7A4F7556}") = "InfoTrack.DependencyManager", "InfoTrack.DependencyManager\InfoTrack.DependencyManager.csproj", "{00E084FB-2CEA-42E3-BF2A-221329F641AB}"
EndProject
Global
	GlobalSection(SolutionConfigurationPlatforms) = preSolution
		Debug|Any CPU = Debug|Any CPU
		Release|Any CPU = Release|Any CPU
	EndGlobalSection
	GlobalSection(ProjectConfigurationPlatforms) = postSolution
		{190FD5EE-0EB1-46B1-8CDC-979055132A9E}.Debug|Any CPU.ActiveCfg = Debug|Any CPU
		{190FD5EE-0EB1-46B1-8CDC-979055132A9E}.Debug|Any CPU.Build.0 = Debug|Any CPU
		{190FD5EE-0EB1-46B1-8CDC-979055132A9E}.Release|Any CPU.ActiveCfg = Release|Any CPU
		{190FD5EE-0EB1-46B1-8CDC-979055132A9E}.Release|Any CPU.Build.0 = Release|Any CPU
		{22E3676A-88DC-4955-BB09-521E29ED2A93}.Debug|Any CPU.ActiveCfg = Debug|Any CPU
		{22E3676A-88DC-4955-BB09-521E29ED2A93}.Debug|Any CPU.Build.0 = Debug|Any CPU
		{22E3676A-88DC-4955-BB09-521E29ED2A93}.Release|Any CPU.ActiveCfg = Release|Any CPU
		{22E3676A-88DC-4955-BB09-521E29ED2A93}.Release|Any CPU.Build.0 = Release|Any CPU
		{0F503D40-AA6A-4462-B309-0D9996CBEE1A}.Debug|Any CPU.ActiveCfg = Debug|Any CPU
		{0F503D40-AA6A-4462-B309-0D9996CBEE1A}.Debug|Any CPU.Build.0 = Debug|Any CPU
		{0F503D40-AA6A-4462-B309-0D9996CBEE1A}.Release|Any CPU.ActiveCfg = Release|Any CPU
		{0F503D40-AA6A-4462-B309-0D9996CBEE1A}.Release|Any CPU.Build.0 = Release|Any CPU
		{17C1DDC7-197F-4EF7-A537-B97AE0AD3BD9}.Debug|Any CPU.ActiveCfg = Debug|Any CPU
		{17C1DDC7-197F-4EF7-A537-B97AE0AD3BD9}.Debug|Any CPU.Build.0 = Debug|Any CPU
		{17C1DDC7-197F-4EF7-A537-B97AE0AD3BD9}.Release|Any CPU.ActiveCfg = Release|Any CPU
		{17C1DDC7-197F-4EF7-A537-B97AE0AD3BD9}.Release|Any CPU.Build.0 = Release|Any CPU
		{00E084FB-2CEA-42E3-BF2A-221329F641AB}.Debug|Any CPU.ActiveCfg = Debug|Any CPU
		{00E084FB-2CEA-42E3-BF2A-221329F641AB}.Debug|Any CPU.Build.0 = Debug|Any CPU
		{00E084FB-2CEA-42E3-BF2A-221329F641AB}.Release|Any CPU.ActiveCfg = Release|Any CPU
		{00E084FB-2CEA-42E3-BF2A-221329F641AB}.Release|Any CPU.Build.0 = Release|Any CPU
	EndGlobalSection
	GlobalSection(SolutionProperties) = preSolution
		HideSolutionNode = FALSE
	EndGlobalSection
	GlobalSection(ExtensibilityGlobals) = postSolution
		SolutionGuid = {A483CAA4-E13D-4A23-B9D0-8F1C567E15EF}
	EndGlobalSection
EndGlobal
